
Microsoft Visual Studio Solution File, Format Version 12.00
# Visual Studio Version 17
VisualStudioVersion = 17.0.31808.319
MinimumVisualStudioVersion = 10.0.40219.1
Project("{FAE04EC0-301F-11D3-BF4B-00C04F79EFBC}") = "HashProgram", "HashProgram\HashProgram.csproj", "{F97A29D5-1162-4928-A1B8-00E22276C812}"
EndProject
Global
	GlobalSection(SolutionConfigurationPlatforms) = preSolution
		Debug|Any CPU = Debug|Any CPU
		Release|Any CPU = Release|Any CPU
	EndGlobalSection
	GlobalSection(ProjectConfigurationPlatforms) = postSolution
		{F97A29D5-1162-4928-A1B8-00E22276C812}.Debug|Any CPU.ActiveCfg = Debug|Any CPU
		{F97A29D5-1162-4928-A1B8-00E22276C812}.Debug|Any CPU.Build.0 = Debug|Any CPU
		{F97A29D5-1162-4928-A1B8-00E22276C812}.Release|Any CPU.ActiveCfg = Release|Any CPU
		{F97A29D5-1162-4928-A1B8-00E22276C812}.Release|Any CPU.Build.0 = Release|Any CPU
	EndGlobalSection
	GlobalSection(SolutionProperties) = preSolution
		HideSolutionNode = FALSE
	EndGlobalSection
	GlobalSection(ExtensibilityGlobals) = postSolution
		SolutionGuid = {D153ACE0-37F3-4490-99FB-89E48A7A6977}
	EndGlobalSection
EndGlobal
